
Microsoft Visual Studio Solution File, Format Version 12.00
# Visual Studio Version 16
VisualStudioVersion = 16.0.30204.135
MinimumVisualStudioVersion = 10.0.40219.1
Project("{FAE04EC0-301F-11D3-BF4B-00C04F79EFBC}") = "CCD", "CCD\CCD.csproj", "{5D3B90D0-DE73-448E-9549-0E5D198F45EE}"
EndProject
Project("{9A19103F-16F7-4668-BE54-9A1E7A4F7556}") = "Nez", "Nez\Nez.Portable\Nez.csproj", "{55CC5800-5F92-48FF-8E79-7B3912C01834}"
EndProject
Global
	GlobalSection(SolutionConfigurationPlatforms) = preSolution
		Debug|Any CPU = Debug|Any CPU
		Release|Any CPU = Release|Any CPU
	EndGlobalSection
	GlobalSection(ProjectConfigurationPlatforms) = postSolution
		{5D3B90D0-DE73-448E-9549-0E5D198F45EE}.Debug|Any CPU.ActiveCfg = Debug|Any CPU
		{5D3B90D0-DE73-448E-9549-0E5D198F45EE}.Debug|Any CPU.Build.0 = Debug|Any CPU
		{5D3B90D0-DE73-448E-9549-0E5D198F45EE}.Release|Any CPU.ActiveCfg = Release|Any CPU
		{5D3B90D0-DE73-448E-9549-0E5D198F45EE}.Release|Any CPU.Build.0 = Release|Any CPU
		{55CC5800-5F92-48FF-8E79-7B3912C01834}.Debug|Any CPU.ActiveCfg = Debug|Any CPU
		{55CC5800-5F92-48FF-8E79-7B3912C01834}.Debug|Any CPU.Build.0 = Debug|Any CPU
		{55CC5800-5F92-48FF-8E79-7B3912C01834}.Release|Any CPU.ActiveCfg = Release|Any CPU
		{55CC5800-5F92-48FF-8E79-7B3912C01834}.Release|Any CPU.Build.0 = Release|Any CPU
	EndGlobalSection
	GlobalSection(SolutionProperties) = preSolution
		HideSolutionNode = FALSE
	EndGlobalSection
	GlobalSection(ExtensibilityGlobals) = postSolution
		SolutionGuid = {C3F49216-CBDB-4F35-B831-7F02FECF619D}
	EndGlobalSection
EndGlobal
