
Microsoft Visual Studio Solution File, Format Version 12.00
# Visual Studio Version 16
VisualStudioVersion = 16.0.30204.135
MinimumVisualStudioVersion = 10.0.40219.1
Project("{9A19103F-16F7-4668-BE54-9A1E7A4F7556}") = "CocaineCrackDown", "CCD\CocaineCrackDown.csproj", "{5D3B90D0-DE73-448E-9549-0E5D198F45EE}"
	ProjectSection(ProjectDependencies) = postProject
		{57EBABAA-823A-48DA-8AE7-D92FD8BEF460} = {57EBABAA-823A-48DA-8AE7-D92FD8BEF460}
	EndProjectSection
EndProject
Project("{9A19103F-16F7-4668-BE54-9A1E7A4F7556}") = "Nez", "Nez\Nez.Portable\Nez.csproj", "{55CC5800-5F92-48FF-8E79-7B3912C01834}"
EndProject
Project("{9A19103F-16F7-4668-BE54-9A1E7A4F7556}") = "Nez.ImGui", "Nez\Nez.ImGui\Nez.ImGui.csproj", "{97CC321A-A420-4D42-B38C-CD401F5911B3}"
EndProject
Project("{9A19103F-16F7-4668-BE54-9A1E7A4F7556}") = "Nez.Persistence", "Nez\Nez.Persistence\Nez.Persistence.csproj", "{57EBABAA-823A-48DA-8AE7-D92FD8BEF460}"
EndProject
Project("{9A19103F-16F7-4668-BE54-9A1E7A4F7556}") = "Nez.FarseerPhysics", "Nez\Nez.FarseerPhysics\Nez.FarseerPhysics.csproj", "{6E5DC10D-EE7E-49B2-A92C-7808C8BDF7A8}"
EndProject
Global
	GlobalSection(SolutionConfigurationPlatforms) = preSolution
		Debug|Any CPU = Debug|Any CPU
		Release|Any CPU = Release|Any CPU
	EndGlobalSection
	GlobalSection(ProjectConfigurationPlatforms) = postSolution
		{5D3B90D0-DE73-448E-9549-0E5D198F45EE}.Debug|Any CPU.ActiveCfg = Debug|Any CPU
		{5D3B90D0-DE73-448E-9549-0E5D198F45EE}.Debug|Any CPU.Build.0 = Debug|Any CPU
		{5D3B90D0-DE73-448E-9549-0E5D198F45EE}.Release|Any CPU.ActiveCfg = Release|Any CPU
		{5D3B90D0-DE73-448E-9549-0E5D198F45EE}.Release|Any CPU.Build.0 = Release|Any CPU
		{55CC5800-5F92-48FF-8E79-7B3912C01834}.Debug|Any CPU.ActiveCfg = Debug|Any CPU
		{55CC5800-5F92-48FF-8E79-7B3912C01834}.Debug|Any CPU.Build.0 = Debug|Any CPU
		{55CC5800-5F92-48FF-8E79-7B3912C01834}.Release|Any CPU.ActiveCfg = Release|Any CPU
		{55CC5800-5F92-48FF-8E79-7B3912C01834}.Release|Any CPU.Build.0 = Release|Any CPU
		{97CC321A-A420-4D42-B38C-CD401F5911B3}.Debug|Any CPU.ActiveCfg = Debug|Any CPU
		{97CC321A-A420-4D42-B38C-CD401F5911B3}.Debug|Any CPU.Build.0 = Debug|Any CPU
		{97CC321A-A420-4D42-B38C-CD401F5911B3}.Release|Any CPU.ActiveCfg = Release|Any CPU
		{97CC321A-A420-4D42-B38C-CD401F5911B3}.Release|Any CPU.Build.0 = Release|Any CPU
		{57EBABAA-823A-48DA-8AE7-D92FD8BEF460}.Debug|Any CPU.ActiveCfg = Debug|Any CPU
		{57EBABAA-823A-48DA-8AE7-D92FD8BEF460}.Debug|Any CPU.Build.0 = Debug|Any CPU
		{57EBABAA-823A-48DA-8AE7-D92FD8BEF460}.Release|Any CPU.ActiveCfg = Release|Any CPU
		{57EBABAA-823A-48DA-8AE7-D92FD8BEF460}.Release|Any CPU.Build.0 = Release|Any CPU
		{6E5DC10D-EE7E-49B2-A92C-7808C8BDF7A8}.Debug|Any CPU.ActiveCfg = Debug|Any CPU
		{6E5DC10D-EE7E-49B2-A92C-7808C8BDF7A8}.Debug|Any CPU.Build.0 = Debug|Any CPU
		{6E5DC10D-EE7E-49B2-A92C-7808C8BDF7A8}.Release|Any CPU.ActiveCfg = Release|Any CPU
		{6E5DC10D-EE7E-49B2-A92C-7808C8BDF7A8}.Release|Any CPU.Build.0 = Release|Any CPU
	EndGlobalSection
	GlobalSection(SolutionProperties) = preSolution
		HideSolutionNode = FALSE
	EndGlobalSection
	GlobalSection(ExtensibilityGlobals) = postSolution
		SolutionGuid = {C3F49216-CBDB-4F35-B831-7F02FECF619D}
	EndGlobalSection
EndGlobal
